// !$*UTF8*$!
{
	archiveVersion = 1;
	classes = {
	};
	objectVersion = 55;
	objects = {

/* Begin PBXBuildFile section */
		FB9D4C6F27B2E44B0056ECC2 /* AppDelegate.swift in Sources */ = {isa = PBXBuildFile; fileRef = FB9D4C6E27B2E44B0056ECC2 /* AppDelegate.swift */; };
		FB9D4C7927B2E44B0056ECC2 /* APOD.xcdatamodeld in Sources */ = {isa = PBXBuildFile; fileRef = FB9D4C7727B2E44B0056ECC2 /* APOD.xcdatamodeld */; };
		FB9D4C7B27B2E4530056ECC2 /* Assets.xcassets in Resources */ = {isa = PBXBuildFile; fileRef = FB9D4C7A27B2E4530056ECC2 /* Assets.xcassets */; };
		FB9D4C7E27B2E4530056ECC2 /* LaunchScreen.storyboard in Resources */ = {isa = PBXBuildFile; fileRef = FB9D4C7C27B2E4530056ECC2 /* LaunchScreen.storyboard */; };
		FB9D4C8727B2E4AD0056ECC2 /* APODCoordinator.swift in Sources */ = {isa = PBXBuildFile; fileRef = FB9D4C8627B2E4AD0056ECC2 /* APODCoordinator.swift */; };
		FB9D4C8A27B2E5020056ECC2 /* SearchImageViewController.swift in Sources */ = {isa = PBXBuildFile; fileRef = FB9D4C8927B2E5020056ECC2 /* SearchImageViewController.swift */; };
		FB9D4C8F27B2FBB70056ECC2 /* SearchImageViewController.storyboard in Resources */ = {isa = PBXBuildFile; fileRef = FB9D4C8E27B2FBB70056ECC2 /* SearchImageViewController.storyboard */; };
		FB9D4C9227B2FC670056ECC2 /* ImageDetailsViewController.swift in Sources */ = {isa = PBXBuildFile; fileRef = FB9D4C9127B2FC670056ECC2 /* ImageDetailsViewController.swift */; };
		FB9D4C9427B2FC7B0056ECC2 /* ImageDetailsViewController.storyboard in Resources */ = {isa = PBXBuildFile; fileRef = FB9D4C9327B2FC7B0056ECC2 /* ImageDetailsViewController.storyboard */; };
		FB9D4C9827B305C50056ECC2 /* Image.swift in Sources */ = {isa = PBXBuildFile; fileRef = FB9D4C9727B305C50056ECC2 /* Image.swift */; };
		FB9D4C9A27B305F20056ECC2 /* ImageLoader.swift in Sources */ = {isa = PBXBuildFile; fileRef = FB9D4C9927B305F20056ECC2 /* ImageLoader.swift */; };
		FB9D4C9C27B38A770056ECC2 /* RemoteImageLoader.swift in Sources */ = {isa = PBXBuildFile; fileRef = FB9D4C9B27B38A770056ECC2 /* RemoteImageLoader.swift */; };
		FB9D4C9E27B38AAB0056ECC2 /* HTTPClient.swift in Sources */ = {isa = PBXBuildFile; fileRef = FB9D4C9D27B38AAB0056ECC2 /* HTTPClient.swift */; };
		FB9D4CA027B38B370056ECC2 /* ImageDataMapper.swift in Sources */ = {isa = PBXBuildFile; fileRef = FB9D4C9F27B38B370056ECC2 /* ImageDataMapper.swift */; };
		FB9D4CA327B38D6B0056ECC2 /* LocalImageLoader.swift in Sources */ = {isa = PBXBuildFile; fileRef = FB9D4CA227B38D6B0056ECC2 /* LocalImageLoader.swift */; };
		FB9D4CA627B38DE80056ECC2 /* RemoteWithLocalFallBackImageLoader.swift in Sources */ = {isa = PBXBuildFile; fileRef = FB9D4CA527B38DE80056ECC2 /* RemoteWithLocalFallBackImageLoader.swift */; };
		FB9D4CA827B392180056ECC2 /* Constants.swift in Sources */ = {isa = PBXBuildFile; fileRef = FB9D4CA727B392180056ECC2 /* Constants.swift */; };
		FB9D4CAB27B3988D0056ECC2 /* Reachability.swift in Sources */ = {isa = PBXBuildFile; fileRef = FB9D4CAA27B3988D0056ECC2 /* Reachability.swift */; };
		FB9D4CAF27B3C3F90056ECC2 /* String.swift in Sources */ = {isa = PBXBuildFile; fileRef = FB9D4CAE27B3C3F90056ECC2 /* String.swift */; };
		FB9D4CB127B3C91E0056ECC2 /* UITextField.swift in Sources */ = {isa = PBXBuildFile; fileRef = FB9D4CB027B3C91E0056ECC2 /* UITextField.swift */; };
/* End PBXBuildFile section */

/* Begin PBXFileReference section */
		FB9D4C6B27B2E44B0056ECC2 /* APOD.app */ = {isa = PBXFileReference; explicitFileType = wrapper.application; includeInIndex = 0; path = APOD.app; sourceTree = BUILT_PRODUCTS_DIR; };
		FB9D4C6E27B2E44B0056ECC2 /* AppDelegate.swift */ = {isa = PBXFileReference; lastKnownFileType = sourcecode.swift; path = AppDelegate.swift; sourceTree = "<group>"; };
		FB9D4C7827B2E44B0056ECC2 /* APOD.xcdatamodel */ = {isa = PBXFileReference; lastKnownFileType = wrapper.xcdatamodel; path = APOD.xcdatamodel; sourceTree = "<group>"; };
		FB9D4C7A27B2E4530056ECC2 /* Assets.xcassets */ = {isa = PBXFileReference; lastKnownFileType = folder.assetcatalog; path = Assets.xcassets; sourceTree = "<group>"; };
		FB9D4C7D27B2E4530056ECC2 /* Base */ = {isa = PBXFileReference; lastKnownFileType = file.storyboard; name = Base; path = Base.lproj/LaunchScreen.storyboard; sourceTree = "<group>"; };
		FB9D4C7F27B2E4530056ECC2 /* Info.plist */ = {isa = PBXFileReference; lastKnownFileType = text.plist.xml; path = Info.plist; sourceTree = "<group>"; };
		FB9D4C8627B2E4AD0056ECC2 /* APODCoordinator.swift */ = {isa = PBXFileReference; lastKnownFileType = sourcecode.swift; path = APODCoordinator.swift; sourceTree = "<group>"; };
		FB9D4C8927B2E5020056ECC2 /* SearchImageViewController.swift */ = {isa = PBXFileReference; lastKnownFileType = sourcecode.swift; path = SearchImageViewController.swift; sourceTree = "<group>"; };
		FB9D4C8E27B2FBB70056ECC2 /* SearchImageViewController.storyboard */ = {isa = PBXFileReference; lastKnownFileType = file.storyboard; path = SearchImageViewController.storyboard; sourceTree = "<group>"; };
		FB9D4C9127B2FC670056ECC2 /* ImageDetailsViewController.swift */ = {isa = PBXFileReference; lastKnownFileType = sourcecode.swift; path = ImageDetailsViewController.swift; sourceTree = "<group>"; };
		FB9D4C9327B2FC7B0056ECC2 /* ImageDetailsViewController.storyboard */ = {isa = PBXFileReference; lastKnownFileType = file.storyboard; path = ImageDetailsViewController.storyboard; sourceTree = "<group>"; };
		FB9D4C9727B305C50056ECC2 /* Image.swift */ = {isa = PBXFileReference; lastKnownFileType = sourcecode.swift; path = Image.swift; sourceTree = "<group>"; };
		FB9D4C9927B305F20056ECC2 /* ImageLoader.swift */ = {isa = PBXFileReference; lastKnownFileType = sourcecode.swift; path = ImageLoader.swift; sourceTree = "<group>"; };
		FB9D4C9B27B38A770056ECC2 /* RemoteImageLoader.swift */ = {isa = PBXFileReference; lastKnownFileType = sourcecode.swift; path = RemoteImageLoader.swift; sourceTree = "<group>"; };
		FB9D4C9D27B38AAB0056ECC2 /* HTTPClient.swift */ = {isa = PBXFileReference; lastKnownFileType = sourcecode.swift; path = HTTPClient.swift; sourceTree = "<group>"; };
		FB9D4C9F27B38B370056ECC2 /* ImageDataMapper.swift */ = {isa = PBXFileReference; lastKnownFileType = sourcecode.swift; path = ImageDataMapper.swift; sourceTree = "<group>"; };
		FB9D4CA227B38D6B0056ECC2 /* LocalImageLoader.swift */ = {isa = PBXFileReference; lastKnownFileType = sourcecode.swift; path = LocalImageLoader.swift; sourceTree = "<group>"; };
		FB9D4CA527B38DE80056ECC2 /* RemoteWithLocalFallBackImageLoader.swift */ = {isa = PBXFileReference; lastKnownFileType = sourcecode.swift; path = RemoteWithLocalFallBackImageLoader.swift; sourceTree = "<group>"; };
		FB9D4CA727B392180056ECC2 /* Constants.swift */ = {isa = PBXFileReference; lastKnownFileType = sourcecode.swift; path = Constants.swift; sourceTree = "<group>"; };
		FB9D4CAA27B3988D0056ECC2 /* Reachability.swift */ = {isa = PBXFileReference; lastKnownFileType = sourcecode.swift; path = Reachability.swift; sourceTree = "<group>"; };
		FB9D4CAE27B3C3F90056ECC2 /* String.swift */ = {isa = PBXFileReference; lastKnownFileType = sourcecode.swift; path = String.swift; sourceTree = "<group>"; };
		FB9D4CB027B3C91E0056ECC2 /* UITextField.swift */ = {isa = PBXFileReference; lastKnownFileType = sourcecode.swift; path = UITextField.swift; sourceTree = "<group>"; };
/* End PBXFileReference section */

/* Begin PBXFrameworksBuildPhase section */
		FB9D4C6827B2E44B0056ECC2 /* Frameworks */ = {
			isa = PBXFrameworksBuildPhase;
			buildActionMask = 2147483647;
			files = (
			);
			runOnlyForDeploymentPostprocessing = 0;
		};
/* End PBXFrameworksBuildPhase section */

/* Begin PBXGroup section */
		FB9D4C6227B2E44B0056ECC2 = {
			isa = PBXGroup;
			children = (
				FB9D4C6D27B2E44B0056ECC2 /* APOD */,
				FB9D4C6C27B2E44B0056ECC2 /* Products */,
			);
			sourceTree = "<group>";
		};
		FB9D4C6C27B2E44B0056ECC2 /* Products */ = {
			isa = PBXGroup;
			children = (
				FB9D4C6B27B2E44B0056ECC2 /* APOD.app */,
			);
			name = Products;
			sourceTree = "<group>";
		};
		FB9D4C6D27B2E44B0056ECC2 /* APOD */ = {
			isa = PBXGroup;
			children = (
				FB9D4CA427B38DC50056ECC2 /* Composer */,
				FB9D4CA127B38D470056ECC2 /* Persistence */,
				FB9D4C9627B3056A0056ECC2 /* API */,
				FB9D4C9527B3055E0056ECC2 /* Feature */,
				FB9D4C8827B2E4C10056ECC2 /* UI */,
				FB9D4C8527B2E4630056ECC2 /* Main */,
				FB9D4CA927B398790056ECC2 /* Helpers */,
				FB9D4C7A27B2E4530056ECC2 /* Assets.xcassets */,
				FB9D4C7C27B2E4530056ECC2 /* LaunchScreen.storyboard */,
				FB9D4C7F27B2E4530056ECC2 /* Info.plist */,
				FB9D4C7727B2E44B0056ECC2 /* APOD.xcdatamodeld */,
			);
			path = APOD;
			sourceTree = "<group>";
		};
		FB9D4C8527B2E4630056ECC2 /* Main */ = {
			isa = PBXGroup;
			children = (
				FB9D4C6E27B2E44B0056ECC2 /* AppDelegate.swift */,
			);
			path = Main;
			sourceTree = "<group>";
		};
		FB9D4C8827B2E4C10056ECC2 /* UI */ = {
			isa = PBXGroup;
			children = (
				FB9D4C9027B2FC4A0056ECC2 /* ImageDetails */,
				FB9D4C8B27B2E5110056ECC2 /* Search */,
			);
			path = UI;
			sourceTree = "<group>";
		};
		FB9D4C8B27B2E5110056ECC2 /* Search */ = {
			isa = PBXGroup;
			children = (
				FB9D4C8927B2E5020056ECC2 /* SearchImageViewController.swift */,
				FB9D4C8E27B2FBB70056ECC2 /* SearchImageViewController.storyboard */,
			);
			path = Search;
			sourceTree = "<group>";
		};
		FB9D4C9027B2FC4A0056ECC2 /* ImageDetails */ = {
			isa = PBXGroup;
			children = (
				FB9D4C9127B2FC670056ECC2 /* ImageDetailsViewController.swift */,
				FB9D4C9327B2FC7B0056ECC2 /* ImageDetailsViewController.storyboard */,
			);
			path = ImageDetails;
			sourceTree = "<group>";
		};
		FB9D4C9527B3055E0056ECC2 /* Feature */ = {
			isa = PBXGroup;
			children = (
				FB9D4C9727B305C50056ECC2 /* Image.swift */,
				FB9D4C9927B305F20056ECC2 /* ImageLoader.swift */,
			);
			path = Feature;
			sourceTree = "<group>";
		};
		FB9D4C9627B3056A0056ECC2 /* API */ = {
			isa = PBXGroup;
			children = (
				FB9D4C9B27B38A770056ECC2 /* RemoteImageLoader.swift */,
				FB9D4C9D27B38AAB0056ECC2 /* HTTPClient.swift */,
				FB9D4C9F27B38B370056ECC2 /* ImageDataMapper.swift */,
			);
			path = API;
			sourceTree = "<group>";
		};
		FB9D4CA127B38D470056ECC2 /* Persistence */ = {
			isa = PBXGroup;
			children = (
				FB9D4CA227B38D6B0056ECC2 /* LocalImageLoader.swift */,
			);
			path = Persistence;
			sourceTree = "<group>";
		};
		FB9D4CA427B38DC50056ECC2 /* Composer */ = {
			isa = PBXGroup;
			children = (
				FB9D4C8627B2E4AD0056ECC2 /* APODCoordinator.swift */,
				FB9D4CA527B38DE80056ECC2 /* RemoteWithLocalFallBackImageLoader.swift */,
			);
			path = Composer;
			sourceTree = "<group>";
		};
		FB9D4CA927B398790056ECC2 /* Helpers */ = {
			isa = PBXGroup;
			children = (
				FB9D4CA727B392180056ECC2 /* Constants.swift */,
				FB9D4CAA27B3988D0056ECC2 /* Reachability.swift */,
				FB9D4CB227B3C92A0056ECC2 /* Extensions */,
			);
			path = Helpers;
			sourceTree = "<group>";
		};
		FB9D4CB227B3C92A0056ECC2 /* Extensions */ = {
			isa = PBXGroup;
			children = (
				FB9D4CAE27B3C3F90056ECC2 /* String.swift */,
				FB9D4CB027B3C91E0056ECC2 /* UITextField.swift */,
			);
			path = Extensions;
			sourceTree = "<group>";
		};
/* End PBXGroup section */

/* Begin PBXNativeTarget section */
		FB9D4C6A27B2E44B0056ECC2 /* APOD */ = {
			isa = PBXNativeTarget;
			buildConfigurationList = FB9D4C8227B2E4530056ECC2 /* Build configuration list for PBXNativeTarget "APOD" */;
			buildPhases = (
				FB9D4C6727B2E44B0056ECC2 /* Sources */,
				FB9D4C6827B2E44B0056ECC2 /* Frameworks */,
				FB9D4C6927B2E44B0056ECC2 /* Resources */,
			);
			buildRules = (
			);
			dependencies = (
			);
			name = APOD;
			productName = APOD;
			productReference = FB9D4C6B27B2E44B0056ECC2 /* APOD.app */;
			productType = "com.apple.product-type.application";
		};
/* End PBXNativeTarget section */

/* Begin PBXProject section */
		FB9D4C6327B2E44B0056ECC2 /* Project object */ = {
			isa = PBXProject;
			attributes = {
				BuildIndependentTargetsInParallel = 1;
				LastSwiftUpdateCheck = 1310;
				LastUpgradeCheck = 1310;
				TargetAttributes = {
					FB9D4C6A27B2E44B0056ECC2 = {
						CreatedOnToolsVersion = 13.1;
					};
				};
			};
			buildConfigurationList = FB9D4C6627B2E44B0056ECC2 /* Build configuration list for PBXProject "APOD" */;
			compatibilityVersion = "Xcode 13.0";
			developmentRegion = en;
			hasScannedForEncodings = 0;
			knownRegions = (
				en,
				Base,
			);
			mainGroup = FB9D4C6227B2E44B0056ECC2;
			productRefGroup = FB9D4C6C27B2E44B0056ECC2 /* Products */;
			projectDirPath = "";
			projectRoot = "";
			targets = (
				FB9D4C6A27B2E44B0056ECC2 /* APOD */,
			);
		};
/* End PBXProject section */

/* Begin PBXResourcesBuildPhase section */
		FB9D4C6927B2E44B0056ECC2 /* Resources */ = {
			isa = PBXResourcesBuildPhase;
			buildActionMask = 2147483647;
			files = (
				FB9D4C7E27B2E4530056ECC2 /* LaunchScreen.storyboard in Resources */,
				FB9D4C7B27B2E4530056ECC2 /* Assets.xcassets in Resources */,
				FB9D4C9427B2FC7B0056ECC2 /* ImageDetailsViewController.storyboard in Resources */,
				FB9D4C8F27B2FBB70056ECC2 /* SearchImageViewController.storyboard in Resources */,
			);
			runOnlyForDeploymentPostprocessing = 0;
		};
/* End PBXResourcesBuildPhase section */

/* Begin PBXSourcesBuildPhase section */
		FB9D4C6727B2E44B0056ECC2 /* Sources */ = {
			isa = PBXSourcesBuildPhase;
			buildActionMask = 2147483647;
			files = (
				FB9D4CAF27B3C3F90056ECC2 /* String.swift in Sources */,
				FB9D4CAB27B3988D0056ECC2 /* Reachability.swift in Sources */,
				FB9D4C9C27B38A770056ECC2 /* RemoteImageLoader.swift in Sources */,
				FB9D4C9A27B305F20056ECC2 /* ImageLoader.swift in Sources */,
				FB9D4C7927B2E44B0056ECC2 /* APOD.xcdatamodeld in Sources */,
				FB9D4C9827B305C50056ECC2 /* Image.swift in Sources */,
				FB9D4CA027B38B370056ECC2 /* ImageDataMapper.swift in Sources */,
				FB9D4C6F27B2E44B0056ECC2 /* AppDelegate.swift in Sources */,
				FB9D4C9E27B38AAB0056ECC2 /* HTTPClient.swift in Sources */,
				FB9D4CA827B392180056ECC2 /* Constants.swift in Sources */,
				FB9D4CA327B38D6B0056ECC2 /* LocalImageLoader.swift in Sources */,
				FB9D4CA627B38DE80056ECC2 /* RemoteWithLocalFallBackImageLoader.swift in Sources */,
				FB9D4C8A27B2E5020056ECC2 /* SearchImageViewController.swift in Sources */,
				FB9D4C8727B2E4AD0056ECC2 /* APODCoordinator.swift in Sources */,
				FB9D4C9227B2FC670056ECC2 /* ImageDetailsViewController.swift in Sources */,
				FB9D4CB127B3C91E0056ECC2 /* UITextField.swift in Sources */,
			);
			runOnlyForDeploymentPostprocessing = 0;
		};
/* End PBXSourcesBuildPhase section */

/* Begin PBXVariantGroup section */
		FB9D4C7C27B2E4530056ECC2 /* LaunchScreen.storyboard */ = {
			isa = PBXVariantGroup;
			children = (
				FB9D4C7D27B2E4530056ECC2 /* Base */,
			);
			name = LaunchScreen.storyboard;
			sourceTree = "<group>";
		};
/* End PBXVariantGroup section */

/* Begin XCBuildConfiguration section */
		FB9D4C8027B2E4530056ECC2 /* Debug */ = {
			isa = XCBuildConfiguration;
			buildSettings = {
				ALWAYS_SEARCH_USER_PATHS = NO;
				CLANG_ANALYZER_NONNULL = YES;
				CLANG_ANALYZER_NUMBER_OBJECT_CONVERSION = YES_AGGRESSIVE;
				CLANG_CXX_LANGUAGE_STANDARD = "gnu++17";
				CLANG_CXX_LIBRARY = "libc++";
				CLANG_ENABLE_MODULES = YES;
				CLANG_ENABLE_OBJC_ARC = YES;
				CLANG_ENABLE_OBJC_WEAK = YES;
				CLANG_WARN_BLOCK_CAPTURE_AUTORELEASING = YES;
				CLANG_WARN_BOOL_CONVERSION = YES;
				CLANG_WARN_COMMA = YES;
				CLANG_WARN_CONSTANT_CONVERSION = YES;
				CLANG_WARN_DEPRECATED_OBJC_IMPLEMENTATIONS = YES;
				CLANG_WARN_DIRECT_OBJC_ISA_USAGE = YES_ERROR;
				CLANG_WARN_DOCUMENTATION_COMMENTS = YES;
				CLANG_WARN_EMPTY_BODY = YES;
				CLANG_WARN_ENUM_CONVERSION = YES;
				CLANG_WARN_INFINITE_RECURSION = YES;
				CLANG_WARN_INT_CONVERSION = YES;
				CLANG_WARN_NON_LITERAL_NULL_CONVERSION = YES;
				CLANG_WARN_OBJC_IMPLICIT_RETAIN_SELF = YES;
				CLANG_WARN_OBJC_LITERAL_CONVERSION = YES;
				CLANG_WARN_OBJC_ROOT_CLASS = YES_ERROR;
				CLANG_WARN_QUOTED_INCLUDE_IN_FRAMEWORK_HEADER = YES;
				CLANG_WARN_RANGE_LOOP_ANALYSIS = YES;
				CLANG_WARN_STRICT_PROTOTYPES = YES;
				CLANG_WARN_SUSPICIOUS_MOVE = YES;
				CLANG_WARN_UNGUARDED_AVAILABILITY = YES_AGGRESSIVE;
				CLANG_WARN_UNREACHABLE_CODE = YES;
				CLANG_WARN__DUPLICATE_METHOD_MATCH = YES;
				COPY_PHASE_STRIP = NO;
				DEBUG_INFORMATION_FORMAT = dwarf;
				ENABLE_STRICT_OBJC_MSGSEND = YES;
				ENABLE_TESTABILITY = YES;
				GCC_C_LANGUAGE_STANDARD = gnu11;
				GCC_DYNAMIC_NO_PIC = NO;
				GCC_NO_COMMON_BLOCKS = YES;
				GCC_OPTIMIZATION_LEVEL = 0;
				GCC_PREPROCESSOR_DEFINITIONS = (
					"DEBUG=1",
					"$(inherited)",
				);
				GCC_WARN_64_TO_32_BIT_CONVERSION = YES;
				GCC_WARN_ABOUT_RETURN_TYPE = YES_ERROR;
				GCC_WARN_UNDECLARED_SELECTOR = YES;
				GCC_WARN_UNINITIALIZED_AUTOS = YES_AGGRESSIVE;
				GCC_WARN_UNUSED_FUNCTION = YES;
				GCC_WARN_UNUSED_VARIABLE = YES;
				IPHONEOS_DEPLOYMENT_TARGET = 15.0;
				MTL_ENABLE_DEBUG_INFO = INCLUDE_SOURCE;
				MTL_FAST_MATH = YES;
				ONLY_ACTIVE_ARCH = YES;
				SDKROOT = iphoneos;
				SWIFT_ACTIVE_COMPILATION_CONDITIONS = DEBUG;
				SWIFT_OPTIMIZATION_LEVEL = "-Onone";
			};
			name = Debug;
		};
		FB9D4C8127B2E4530056ECC2 /* Release */ = {
			isa = XCBuildConfiguration;
			buildSettings = {
				ALWAYS_SEARCH_USER_PATHS = NO;
				CLANG_ANALYZER_NONNULL = YES;
				CLANG_ANALYZER_NUMBER_OBJECT_CONVERSION = YES_AGGRESSIVE;
				CLANG_CXX_LANGUAGE_STANDARD = "gnu++17";
				CLANG_CXX_LIBRARY = "libc++";
				CLANG_ENABLE_MODULES = YES;
				CLANG_ENABLE_OBJC_ARC = YES;
				CLANG_ENABLE_OBJC_WEAK = YES;
				CLANG_WARN_BLOCK_CAPTURE_AUTORELEASING = YES;
				CLANG_WARN_BOOL_CONVERSION = YES;
				CLANG_WARN_COMMA = YES;
				CLANG_WARN_CONSTANT_CONVERSION = YES;
				CLANG_WARN_DEPRECATED_OBJC_IMPLEMENTATIONS = YES;
				CLANG_WARN_DIRECT_OBJC_ISA_USAGE = YES_ERROR;
				CLANG_WARN_DOCUMENTATION_COMMENTS = YES;
				CLANG_WARN_EMPTY_BODY = YES;
				CLANG_WARN_ENUM_CONVERSION = YES;
				CLANG_WARN_INFINITE_RECURSION = YES;
				CLANG_WARN_INT_CONVERSION = YES;
				CLANG_WARN_NON_LITERAL_NULL_CONVERSION = YES;
				CLANG_WARN_OBJC_IMPLICIT_RETAIN_SELF = YES;
				CLANG_WARN_OBJC_LITERAL_CONVERSION = YES;
				CLANG_WARN_OBJC_ROOT_CLASS = YES_ERROR;
				CLANG_WARN_QUOTED_INCLUDE_IN_FRAMEWORK_HEADER = YES;
				CLANG_WARN_RANGE_LOOP_ANALYSIS = YES;
				CLANG_WARN_STRICT_PROTOTYPES = YES;
				CLANG_WARN_SUSPICIOUS_MOVE = YES;
				CLANG_WARN_UNGUARDED_AVAILABILITY = YES_AGGRESSIVE;
				CLANG_WARN_UNREACHABLE_CODE = YES;
				CLANG_WARN__DUPLICATE_METHOD_MATCH = YES;
				COPY_PHASE_STRIP = NO;
				DEBUG_INFORMATION_FORMAT = "dwarf-with-dsym";
				ENABLE_NS_ASSERTIONS = NO;
				ENABLE_STRICT_OBJC_MSGSEND = YES;
				GCC_C_LANGUAGE_STANDARD = gnu11;
				GCC_NO_COMMON_BLOCKS = YES;
				GCC_WARN_64_TO_32_BIT_CONVERSION = YES;
				GCC_WARN_ABOUT_RETURN_TYPE = YES_ERROR;
				GCC_WARN_UNDECLARED_SELECTOR = YES;
				GCC_WARN_UNINITIALIZED_AUTOS = YES_AGGRESSIVE;
				GCC_WARN_UNUSED_FUNCTION = YES;
				GCC_WARN_UNUSED_VARIABLE = YES;
				IPHONEOS_DEPLOYMENT_TARGET = 15.0;
				MTL_ENABLE_DEBUG_INFO = NO;
				MTL_FAST_MATH = YES;
				SDKROOT = iphoneos;
				SWIFT_COMPILATION_MODE = wholemodule;
				SWIFT_OPTIMIZATION_LEVEL = "-O";
				VALIDATE_PRODUCT = YES;
			};
			name = Release;
		};
		FB9D4C8327B2E4530056ECC2 /* Debug */ = {
			isa = XCBuildConfiguration;
			buildSettings = {
				ASSETCATALOG_COMPILER_APPICON_NAME = AppIcon;
				ASSETCATALOG_COMPILER_GLOBAL_ACCENT_COLOR_NAME = AccentColor;
				CODE_SIGN_STYLE = Automatic;
				CURRENT_PROJECT_VERSION = 1;
				GENERATE_INFOPLIST_FILE = YES;
				INFOPLIST_FILE = APOD/Info.plist;
				INFOPLIST_KEY_UIApplicationSupportsIndirectInputEvents = YES;
				INFOPLIST_KEY_UILaunchStoryboardName = LaunchScreen;
				INFOPLIST_KEY_UISupportedInterfaceOrientations_iPad = "UIInterfaceOrientationPortrait UIInterfaceOrientationPortraitUpsideDown UIInterfaceOrientationLandscapeLeft UIInterfaceOrientationLandscapeRight";
				INFOPLIST_KEY_UISupportedInterfaceOrientations_iPhone = "UIInterfaceOrientationPortrait UIInterfaceOrientationLandscapeLeft UIInterfaceOrientationLandscapeRight";
				LD_RUNPATH_SEARCH_PATHS = (
					"$(inherited)",
					"@executable_path/Frameworks",
				);
				MARKETING_VERSION = 1.0;
				PRODUCT_BUNDLE_IDENTIFIER = com.vaibhav.APOD;
				PRODUCT_NAME = "$(TARGET_NAME)";
				SWIFT_EMIT_LOC_STRINGS = YES;
				SWIFT_VERSION = 5.0;
				TARGETED_DEVICE_FAMILY = "1,2";
			};
			name = Debug;
		};
		FB9D4C8427B2E4530056ECC2 /* Release */ = {
			isa = XCBuildConfiguration;
			buildSettings = {
				ASSETCATALOG_COMPILER_APPICON_NAME = AppIcon;
				ASSETCATALOG_COMPILER_GLOBAL_ACCENT_COLOR_NAME = AccentColor;
				CODE_SIGN_STYLE = Automatic;
				CURRENT_PROJECT_VERSION = 1;
				GENERATE_INFOPLIST_FILE = YES;
				INFOPLIST_FILE = APOD/Info.plist;
				INFOPLIST_KEY_UIApplicationSupportsIndirectInputEvents = YES;
				INFOPLIST_KEY_UILaunchStoryboardName = LaunchScreen;
				INFOPLIST_KEY_UISupportedInterfaceOrientations_iPad = "UIInterfaceOrientationPortrait UIInterfaceOrientationPortraitUpsideDown UIInterfaceOrientationLandscapeLeft UIInterfaceOrientationLandscapeRight";
				INFOPLIST_KEY_UISupportedInterfaceOrientations_iPhone = "UIInterfaceOrientationPortrait UIInterfaceOrientationLandscapeLeft UIInterfaceOrientationLandscapeRight";
				LD_RUNPATH_SEARCH_PATHS = (
					"$(inherited)",
					"@executable_path/Frameworks",
				);
				MARKETING_VERSION = 1.0;
				PRODUCT_BUNDLE_IDENTIFIER = com.vaibhav.APOD;
				PRODUCT_NAME = "$(TARGET_NAME)";
				SWIFT_EMIT_LOC_STRINGS = YES;
				SWIFT_VERSION = 5.0;
				TARGETED_DEVICE_FAMILY = "1,2";
			};
			name = Release;
		};
/* End XCBuildConfiguration section */

/* Begin XCConfigurationList section */
		FB9D4C6627B2E44B0056ECC2 /* Build configuration list for PBXProject "APOD" */ = {
			isa = XCConfigurationList;
			buildConfigurations = (
				FB9D4C8027B2E4530056ECC2 /* Debug */,
				FB9D4C8127B2E4530056ECC2 /* Release */,
			);
			defaultConfigurationIsVisible = 0;
			defaultConfigurationName = Release;
		};
		FB9D4C8227B2E4530056ECC2 /* Build configuration list for PBXNativeTarget "APOD" */ = {
			isa = XCConfigurationList;
			buildConfigurations = (
				FB9D4C8327B2E4530056ECC2 /* Debug */,
				FB9D4C8427B2E4530056ECC2 /* Release */,
			);
			defaultConfigurationIsVisible = 0;
			defaultConfigurationName = Release;
		};
/* End XCConfigurationList section */

/* Begin XCVersionGroup section */
		FB9D4C7727B2E44B0056ECC2 /* APOD.xcdatamodeld */ = {
			isa = XCVersionGroup;
			children = (
				FB9D4C7827B2E44B0056ECC2 /* APOD.xcdatamodel */,
			);
			currentVersion = FB9D4C7827B2E44B0056ECC2 /* APOD.xcdatamodel */;
			path = APOD.xcdatamodeld;
			sourceTree = "<group>";
			versionGroupType = wrapper.xcdatamodel;
		};
/* End XCVersionGroup section */
	};
	rootObject = FB9D4C6327B2E44B0056ECC2 /* Project object */;
}
